
Microsoft Visual Studio Solution File, Format Version 12.00
# Visual Studio Version 17
VisualStudioVersion = 17.4.33122.133
MinimumVisualStudioVersion = 10.0.40219.1
Project("{FAE04EC0-301F-11D3-BF4B-00C04F79EFBC}") = "UserAuth", "UserAuth.csproj", "{15858DCD-F971-445C-9271-7ECA4CADA66B}"
EndProject
Global
	GlobalSection(SolutionConfigurationPlatforms) = preSolution
		Debug|Any CPU = Debug|Any CPU
		Release|Any CPU = Release|Any CPU
	EndGlobalSection
	GlobalSection(ProjectConfigurationPlatforms) = postSolution
		{15858DCD-F971-445C-9271-7ECA4CADA66B}.Debug|Any CPU.ActiveCfg = Debug|Any CPU
		{15858DCD-F971-445C-9271-7ECA4CADA66B}.Debug|Any CPU.Build.0 = Debug|Any CPU
		{15858DCD-F971-445C-9271-7ECA4CADA66B}.Release|Any CPU.ActiveCfg = Release|Any CPU
		{15858DCD-F971-445C-9271-7ECA4CADA66B}.Release|Any CPU.Build.0 = Release|Any CPU
	EndGlobalSection
	GlobalSection(SolutionProperties) = preSolution
		HideSolutionNode = FALSE
	EndGlobalSection
	GlobalSection(ExtensibilityGlobals) = postSolution
		SolutionGuid = {F800B3F8-1396-428E-867E-D20836FD2FF3}
	EndGlobalSection
EndGlobal
